
Microsoft Visual Studio Solution File, Format Version 12.00
# Visual Studio Version 17
VisualStudioVersion = 17.0.31903.59
MinimumVisualStudioVersion = 10.0.40219.1
Project("{2150E333-8FDC-42A3-9474-1A3956D46DE8}") = "src", "src", "{90DD82C2-D42A-4558-B99F-EDA221A33D1D}"
EndProject
Project("{FAE04EC0-301F-11D3-BF4B-00C04F79EFBC}") = "DS.Git.Core", "src\DS.Git.Core\DS.Git.Core.csproj", "{4DBE2D55-16B6-45C4-B826-69BFEA338736}"
EndProject
Project("{FAE04EC0-301F-11D3-BF4B-00C04F79EFBC}") = "DS.Git.Cli", "src\DS.Git.Cli\DS.Git.Cli.csproj", "{E418BB9B-12A7-4371-B4C9-E984BF022548}"
EndProject
Project("{2150E333-8FDC-42A3-9474-1A3956D46DE8}") = "tests", "tests", "{F74070D0-F4A3-40DE-830F-1EE39FD755B3}"
EndProject
Project("{FAE04EC0-301F-11D3-BF4B-00C04F79EFBC}") = "DS.Git.Tests", "tests\DS.Git.Tests\DS.Git.Tests.csproj", "{70708B44-D083-41E9-930F-E2130E3DFD9E}"
EndProject
Global
	GlobalSection(SolutionConfigurationPlatforms) = preSolution
		Debug|Any CPU = Debug|Any CPU
		Release|Any CPU = Release|Any CPU
	EndGlobalSection
	GlobalSection(SolutionProperties) = preSolution
		HideSolutionNode = FALSE
	EndGlobalSection
	GlobalSection(ProjectConfigurationPlatforms) = postSolution
		{4DBE2D55-16B6-45C4-B826-69BFEA338736}.Debug|Any CPU.ActiveCfg = Debug|Any CPU
		{4DBE2D55-16B6-45C4-B826-69BFEA338736}.Debug|Any CPU.Build.0 = Debug|Any CPU
		{4DBE2D55-16B6-45C4-B826-69BFEA338736}.Release|Any CPU.ActiveCfg = Release|Any CPU
		{4DBE2D55-16B6-45C4-B826-69BFEA338736}.Release|Any CPU.Build.0 = Release|Any CPU
		{E418BB9B-12A7-4371-B4C9-E984BF022548}.Debug|Any CPU.ActiveCfg = Debug|Any CPU
		{E418BB9B-12A7-4371-B4C9-E984BF022548}.Debug|Any CPU.Build.0 = Debug|Any CPU
		{E418BB9B-12A7-4371-B4C9-E984BF022548}.Release|Any CPU.ActiveCfg = Release|Any CPU
		{E418BB9B-12A7-4371-B4C9-E984BF022548}.Release|Any CPU.Build.0 = Release|Any CPU
		{70708B44-D083-41E9-930F-E2130E3DFD9E}.Debug|Any CPU.ActiveCfg = Debug|Any CPU
		{70708B44-D083-41E9-930F-E2130E3DFD9E}.Debug|Any CPU.Build.0 = Debug|Any CPU
		{70708B44-D083-41E9-930F-E2130E3DFD9E}.Release|Any CPU.ActiveCfg = Release|Any CPU
		{70708B44-D083-41E9-930F-E2130E3DFD9E}.Release|Any CPU.Build.0 = Release|Any CPU
	EndGlobalSection
	GlobalSection(NestedProjects) = preSolution
		{4DBE2D55-16B6-45C4-B826-69BFEA338736} = {90DD82C2-D42A-4558-B99F-EDA221A33D1D}
		{E418BB9B-12A7-4371-B4C9-E984BF022548} = {90DD82C2-D42A-4558-B99F-EDA221A33D1D}
		{70708B44-D083-41E9-930F-E2130E3DFD9E} = {F74070D0-F4A3-40DE-830F-1EE39FD755B3}
	EndGlobalSection
EndGlobal
